// !$*UTF8*$!
{
	archiveVersion = 1;
	classes = {
	};
	objectVersion = 46;
	objects = {

/* Begin PBXBuildFile section */
		5CCB877F73A9EFE95831F5BF /* Utils.cpp in Sources */ = {isa = PBXBuildFile; fileRef = 73726EB574A10ADFE8D1B4F5 /* Utils.cpp */; };
		9507FCCF4C588A399E7B8B0F /* MemPool.cpp in Sources */ = {isa = PBXBuildFile; fileRef = E3653085D579D1AFE77D96C5 /* MemPool.cpp */; };
/* End PBXBuildFile section */

/* Begin PBXFileReference section */
		73726EB574A10ADFE8D1B4F5 /* Utils.cpp */ = {isa = PBXFileReference; lastKnownFileType = sourcecode.cpp.cpp; name = Utils.cpp; path = ../../../source/Utils.cpp; sourceTree = "<group>"; };
		B635EFFF807D8DA9FFB3263F /* MemPool.h */ = {isa = PBXFileReference; lastKnownFileType = sourcecode.c.h; name = MemPool.h; path = ../../../include/GenericUtils/MemPool.h; sourceTree = "<group>"; };
		CD7EBE711AD8201B5A8E74B1 /* GenericUtils */ = {isa = PBXFileReference; explicitFileType = archive.ar; includeInIndex = 0; name = GenericUtils; path = libGenericUtils_d.a; sourceTree = BUILT_PRODUCTS_DIR; };
		E3653085D579D1AFE77D96C5 /* MemPool.cpp */ = {isa = PBXFileReference; lastKnownFileType = sourcecode.cpp.cpp; name = MemPool.cpp; path = ../../../source/MemPool.cpp; sourceTree = "<group>"; };
		EAE574EF1D3CCD9993C18B2F /* Utils.h */ = {isa = PBXFileReference; lastKnownFileType = sourcecode.c.h; name = Utils.h; path = ../../../include/GenericUtils/Utils.h; sourceTree = "<group>"; };
/* End PBXFileReference section */

/* Begin PBXFrameworksBuildPhase section */
		6E0EA6617935C30B753D3CA1 /* Frameworks */ = {
			isa = PBXFrameworksBuildPhase;
			buildActionMask = 2147483647;
			files = (
			);
			runOnlyForDeploymentPostprocessing = 0;
		};
/* End PBXFrameworksBuildPhase section */

/* Begin PBXGroup section */
		306B74B90EB8A723C97C22F9 /* include */ = {
			isa = PBXGroup;
			children = (
				DCE0B000DED4B8EAC20A6E40 /* GenericUtils */,
			);
			name = include;
			sourceTree = "<group>";
		};
		D3E316D71BFD41C1429E1517 /* GenericUtils */ = {
			isa = PBXGroup;
			children = (
				306B74B90EB8A723C97C22F9 /* include */,
				DE3FA393ABE9337D12CFC1D3 /* source */,
				EA8E290FE2272BF9B2E0274F /* Products */,
			);
			name = GenericUtils;
			sourceTree = "<group>";
		};
		DCE0B000DED4B8EAC20A6E40 /* GenericUtils */ = {
			isa = PBXGroup;
			children = (
				B635EFFF807D8DA9FFB3263F /* MemPool.h */,
				EAE574EF1D3CCD9993C18B2F /* Utils.h */,
			);
			name = GenericUtils;
			sourceTree = "<group>";
		};
		DE3FA393ABE9337D12CFC1D3 /* source */ = {
			isa = PBXGroup;
			children = (
				E3653085D579D1AFE77D96C5 /* MemPool.cpp */,
				73726EB574A10ADFE8D1B4F5 /* Utils.cpp */,
			);
			name = source;
			sourceTree = "<group>";
		};
		EA8E290FE2272BF9B2E0274F /* Products */ = {
			isa = PBXGroup;
			children = (
				CD7EBE711AD8201B5A8E74B1 /* GenericUtils */,
			);
			name = Products;
			sourceTree = "<group>";
		};
/* End PBXGroup section */

/* Begin PBXHeadersBuildPhase section */
/* End PBXHeadersBuildPhase section */

/* Begin PBXNativeTarget section */
		3239AF37CFB883A1650B9D77 /* GenericUtils */ = {
			isa = PBXNativeTarget;
			buildConfigurationList = 4A31022055581ECA515F9860 /* Build configuration list for PBXNativeTarget "GenericUtils" */;
			buildPhases = (
				EFDF8B01FB06A7ABF70E2141 /* Resources */,
				899512B894BC2F6290C3A8F8 /* Sources */,
				6E0EA6617935C30B753D3CA1 /* Frameworks */,
				7D4EA36C1ACD77D6B02091AC /* Embed Frameworks */,
			);
			buildRules = (
			);
			dependencies = (
			);
			name = GenericUtils;
			productName = GenericUtils;
			productReference = CD7EBE711AD8201B5A8E74B1 /* GenericUtils */;
			productType = "com.apple.product-type.library.static";
		};
/* End PBXNativeTarget section */

/* Begin PBXProject section */
		08FB7793FE84155DC02AAC07 /* Project object */ = {
			isa = PBXProject;
			attributes = {
				TargetAttributes = {
					3239AF37CFB883A1650B9D77 = {
					};
				};
			};
			buildConfigurationList = 1DEB928908733DD80010E9CD /* Build configuration list for PBXProject "GenericUtils" */;
			compatibilityVersion = "Xcode 3.2";
			hasScannedForEncodings = 1;
			mainGroup = D3E316D71BFD41C1429E1517 /* GenericUtils */;
			productRefGroup = 2C79A1EA6D50A014D852282A /* Products */;
			projectDirPath = "";
			projectRoot = "";
			targets = (
				3239AF37CFB883A1650B9D77 /* GenericUtils */,
			);
		};
/* End PBXProject section */

/* Begin PBXResourcesBuildPhase section */
		EFDF8B01FB06A7ABF70E2141 /* Resources */ = {
			isa = PBXResourcesBuildPhase;
			buildActionMask = 2147483647;
			files = (
			);
			runOnlyForDeploymentPostprocessing = 0;
		};
/* End PBXResourcesBuildPhase section */

/* Begin PBXSourcesBuildPhase section */
		899512B894BC2F6290C3A8F8 /* Sources */ = {
			isa = PBXSourcesBuildPhase;
			buildActionMask = 2147483647;
			files = (
				9507FCCF4C588A399E7B8B0F /* MemPool.cpp in Sources */,
				5CCB877F73A9EFE95831F5BF /* Utils.cpp in Sources */,
			);
			runOnlyForDeploymentPostprocessing = 0;
		};
/* End PBXSourcesBuildPhase section */

/* Begin PBXVariantGroup section */
/* End PBXVariantGroup section */

/* Begin XCBuildConfiguration section */
		84B2DA46094C78B0C8AF0886 /* Release */ = {
			isa = XCBuildConfiguration;
			buildSettings = {
				ALWAYS_SEARCH_USER_PATHS = NO;
				ARCHS = "$(ARCHS_STANDARD)";
				CLANG_CXX_LANGUAGE_STANDARD = "c++11";
				CLANG_CXX_LIBRARY = "libc++";
				CLANG_WARN_BOOL_CONVERSION = YES;
				CLANG_WARN_CONSTANT_CONVERSION = YES;
				CLANG_WARN_EMPTY_BODY = YES;
				CLANG_WARN_ENUM_CONVERSION = YES;
				CLANG_WARN_INT_CONVERSION = YES;
				CLANG_WARN_UNREACHABLE_CODE = YES;
				CLANG_WARN__DUPLICATE_METHOD_MATCH = YES;
				CODE_SIGN_IDENTITY = "iPhone Developer: Valeri Vuchov (WDTMDP2J2J)";
				COMMON_HEADER_SEARCH_PATHS = (
					../../../include,
					../../../source,
					../../../../ThreadPool/include,
				);
				CONFIGURATION_BUILD_DIR = "$(SYMROOT)";
				CONFIGURATION_TEMP_DIR = "$(OBJROOT)";
				COPY_PHASE_STRIP = NO;
				ENABLE_STRICT_OBJC_MSGSEND = YES;
				GCC_C_LANGUAGE_STANDARD = c11;
				GCC_DYNAMIC_NO_PIC = NO;
				GCC_ENABLE_CPP_EXCEPTIONS = NO;
				GCC_ENABLE_CPP_RTTI = NO;
				GCC_ENABLE_FIX_AND_CONTINUE = YES;
				GCC_ENABLE_OBJC_EXCEPTIONS = NO;
				GCC_MODEL_TUNING = G5;
				GCC_OPTIMIZATION_LEVEL = 3;
				GCC_PREPROCESSOR_DEFINITIONS = (
					NDEBUG,
					"_SECURE_SCL=0",
					"_SECURE_SCL_THROWS=0",
					_SCL_SECURE_NO_WARNINGS,
					_CRT_SECURE_NO_WARNINGS,
					_WINSOCK_DEPRECATED_NO_WARNINGS,
					OS_IPHONE,
				);
				GCC_SYMBOLS_PRIVATE_EXTERN = YES;
				GCC_VERSION = com.apple.compilers.llvm.clang.1_0;
				GCC_WARN_64_TO_32_BIT_CONVERSION = YES;
				GCC_WARN_ABOUT_DEPRECATED_FUNCTIONS = YES;
				GCC_WARN_ABOUT_RETURN_TYPE = YES;
				GCC_WARN_CHECK_SWITCH_STATEMENTS = NO;
				GCC_WARN_UNDECLARED_SELECTOR = YES;
				GCC_WARN_UNINITIALIZED_AUTOS = YES;
				GCC_WARN_UNUSED_FUNCTION = YES;
				GCC_WARN_UNUSED_VARIABLE = NO;
				HEADER_SEARCH_PATHS = "$(COMMON_HEADER_SEARCH_PATHS)";
				INSTALL_PATH = /usr/local/lib;
				IPHONEOS_DEPLOYMENT_TARGET = 6.0;
				OBJROOT = obj/Release;
				ONLY_ACTIVE_ARCH = NO;
				OTHER_CFLAGS = (
					"-std=c++11",
					"-stdlib=libc++",
					"-x",
					"objective-c++",
					"-Wno-error",
				);
				PRODUCT_NAME = GenericUtils;
				SDKROOT = iphoneos;
				SKIP_INSTALL = YES;
				STANDARD_C_PLUS_PLUS_LIBRARY_TYPE = static;
				SYMROOT = ../../../lib/xcode4/ios;
				TARGETED_DEVICE_FAMILY = "1,2";
				VALID_ARCHS = "$(ARCHS_STANDARD)";
			};
			name = Release;
		};
		886075CCE64B71B6B6FC140C /* Debug */ = {
			isa = XCBuildConfiguration;
			buildSettings = {
				ALWAYS_SEARCH_USER_PATHS = NO;
				ARCHS = "$(ARCHS_STANDARD)";
				CLANG_CXX_LANGUAGE_STANDARD = "c++11";
				CLANG_CXX_LIBRARY = "libc++";
				CLANG_WARN_BOOL_CONVERSION = YES;
				CLANG_WARN_CONSTANT_CONVERSION = YES;
				CLANG_WARN_EMPTY_BODY = YES;
				CLANG_WARN_ENUM_CONVERSION = YES;
				CLANG_WARN_INT_CONVERSION = YES;
				CLANG_WARN_UNREACHABLE_CODE = YES;
				CLANG_WARN__DUPLICATE_METHOD_MATCH = YES;
				CODE_SIGN_IDENTITY = "iPhone Developer: Valeri Vuchov (WDTMDP2J2J)";
				COMMON_HEADER_SEARCH_PATHS = (
					../../../include,
					../../../source,
					../../../../ThreadPool/include,
				);
				CONFIGURATION_BUILD_DIR = "$(SYMROOT)";
				CONFIGURATION_TEMP_DIR = "$(OBJROOT)";
				COPY_PHASE_STRIP = NO;
				ENABLE_STRICT_OBJC_MSGSEND = YES;
				GCC_C_LANGUAGE_STANDARD = c11;
				GCC_DYNAMIC_NO_PIC = NO;
				GCC_ENABLE_CPP_EXCEPTIONS = NO;
				GCC_ENABLE_CPP_RTTI = NO;
				GCC_ENABLE_FIX_AND_CONTINUE = YES;
				GCC_ENABLE_OBJC_EXCEPTIONS = NO;
				GCC_MODEL_TUNING = G5;
				GCC_OPTIMIZATION_LEVEL = 0;
				GCC_PREPROCESSOR_DEFINITIONS = (
					_DEBUG,
					_SCL_SECURE_NO_WARNINGS,
					_CRT_SECURE_NO_WARNINGS,
					_WINSOCK_DEPRECATED_NO_WARNINGS,
					OS_IPHONE,
				);
				GCC_SYMBOLS_PRIVATE_EXTERN = YES;
				GCC_VERSION = com.apple.compilers.llvm.clang.1_0;
				GCC_WARN_64_TO_32_BIT_CONVERSION = YES;
				GCC_WARN_ABOUT_DEPRECATED_FUNCTIONS = YES;
				GCC_WARN_ABOUT_RETURN_TYPE = YES;
				GCC_WARN_CHECK_SWITCH_STATEMENTS = NO;
				GCC_WARN_UNDECLARED_SELECTOR = YES;
				GCC_WARN_UNINITIALIZED_AUTOS = YES;
				GCC_WARN_UNUSED_FUNCTION = YES;
				GCC_WARN_UNUSED_VARIABLE = NO;
				HEADER_SEARCH_PATHS = "$(COMMON_HEADER_SEARCH_PATHS)";
				INSTALL_PATH = /usr/local/lib;
				IPHONEOS_DEPLOYMENT_TARGET = 6.0;
				OBJROOT = obj/Debug;
				ONLY_ACTIVE_ARCH = NO;
				OTHER_CFLAGS = (
					"-std=c++11",
					"-stdlib=libc++",
					"-x",
					"objective-c++",
					"-Wno-error",
				);
				PRODUCT_NAME = GenericUtils_d;
				SDKROOT = iphoneos;
				SKIP_INSTALL = YES;
				STANDARD_C_PLUS_PLUS_LIBRARY_TYPE = static;
				SYMROOT = ../../../lib/xcode4/ios;
				TARGETED_DEVICE_FAMILY = "1,2";
				VALID_ARCHS = "$(ARCHS_STANDARD)";
			};
			name = Debug;
		};
		CAFFC5B73C60B4E1582CEBF7 /* Debug */ = {
			isa = XCBuildConfiguration;
			buildSettings = {
				ALWAYS_SEARCH_USER_PATHS = NO;
				ARCHS = "$(ARCHS_STANDARD)";
				CLANG_CXX_LANGUAGE_STANDARD = "c++11";
				CLANG_CXX_LIBRARY = "libc++";
				CLANG_WARN_BOOL_CONVERSION = YES;
				CLANG_WARN_CONSTANT_CONVERSION = YES;
				CLANG_WARN_EMPTY_BODY = YES;
				CLANG_WARN_ENUM_CONVERSION = YES;
				CLANG_WARN_INT_CONVERSION = YES;
				CLANG_WARN_UNREACHABLE_CODE = YES;
				CLANG_WARN__DUPLICATE_METHOD_MATCH = YES;
				CODE_SIGN_IDENTITY = "iPhone Developer: Valeri Vuchov (WDTMDP2J2J)";
				COMMON_HEADER_SEARCH_PATHS = (
					../../../include,
					../../../source,
					../../../../ThreadPool/include,
				);
				CONFIGURATION_BUILD_DIR = "$(SYMROOT)";
				CONFIGURATION_TEMP_DIR = "$(OBJROOT)";
				COPY_PHASE_STRIP = NO;
				ENABLE_STRICT_OBJC_MSGSEND = YES;
				GCC_C_LANGUAGE_STANDARD = c11;
				GCC_DYNAMIC_NO_PIC = NO;
				GCC_ENABLE_CPP_EXCEPTIONS = NO;
				GCC_ENABLE_CPP_RTTI = NO;
				GCC_ENABLE_FIX_AND_CONTINUE = YES;
				GCC_ENABLE_OBJC_EXCEPTIONS = NO;
				GCC_MODEL_TUNING = G5;
				GCC_OPTIMIZATION_LEVEL = 0;
				GCC_PREPROCESSOR_DEFINITIONS = (
					_DEBUG,
					_SCL_SECURE_NO_WARNINGS,
					_CRT_SECURE_NO_WARNINGS,
					_WINSOCK_DEPRECATED_NO_WARNINGS,
					OS_IPHONE,
				);
				GCC_SYMBOLS_PRIVATE_EXTERN = YES;
				GCC_VERSION = com.apple.compilers.llvm.clang.1_0;
				GCC_WARN_64_TO_32_BIT_CONVERSION = YES;
				GCC_WARN_ABOUT_DEPRECATED_FUNCTIONS = YES;
				GCC_WARN_ABOUT_RETURN_TYPE = YES;
				GCC_WARN_CHECK_SWITCH_STATEMENTS = NO;
				GCC_WARN_UNDECLARED_SELECTOR = YES;
				GCC_WARN_UNINITIALIZED_AUTOS = YES;
				GCC_WARN_UNUSED_FUNCTION = YES;
				GCC_WARN_UNUSED_VARIABLE = NO;
				HEADER_SEARCH_PATHS = "$(COMMON_HEADER_SEARCH_PATHS)";
				INSTALL_PATH = /usr/local/lib;
				IPHONEOS_DEPLOYMENT_TARGET = 6.0;
				OBJROOT = obj/Debug;
				ONLY_ACTIVE_ARCH = NO;
				OTHER_CFLAGS = (
					"-std=c++11",
					"-stdlib=libc++",
					"-x",
					"objective-c++",
					"-Wno-error",
				);
				SDKROOT = iphoneos;
				SKIP_INSTALL = YES;
				STANDARD_C_PLUS_PLUS_LIBRARY_TYPE = static;
				SYMROOT = ../../../lib/xcode4/ios;
				TARGETED_DEVICE_FAMILY = "1,2";
				VALID_ARCHS = "$(ARCHS_STANDARD)";
			};
			name = Debug;
		};
		F86B9F7145C5011B857B55B1 /* Release */ = {
			isa = XCBuildConfiguration;
			buildSettings = {
				ALWAYS_SEARCH_USER_PATHS = NO;
				ARCHS = "$(ARCHS_STANDARD)";
				CLANG_CXX_LANGUAGE_STANDARD = "c++11";
				CLANG_CXX_LIBRARY = "libc++";
				CLANG_WARN_BOOL_CONVERSION = YES;
				CLANG_WARN_CONSTANT_CONVERSION = YES;
				CLANG_WARN_EMPTY_BODY = YES;
				CLANG_WARN_ENUM_CONVERSION = YES;
				CLANG_WARN_INT_CONVERSION = YES;
				CLANG_WARN_UNREACHABLE_CODE = YES;
				CLANG_WARN__DUPLICATE_METHOD_MATCH = YES;
				CODE_SIGN_IDENTITY = "iPhone Developer: Valeri Vuchov (WDTMDP2J2J)";
				COMMON_HEADER_SEARCH_PATHS = (
					../../../include,
					../../../source,
					../../../../ThreadPool/include,
				);
				CONFIGURATION_BUILD_DIR = "$(SYMROOT)";
				CONFIGURATION_TEMP_DIR = "$(OBJROOT)";
				COPY_PHASE_STRIP = NO;
				ENABLE_STRICT_OBJC_MSGSEND = YES;
				GCC_C_LANGUAGE_STANDARD = c11;
				GCC_DYNAMIC_NO_PIC = NO;
				GCC_ENABLE_CPP_EXCEPTIONS = NO;
				GCC_ENABLE_CPP_RTTI = NO;
				GCC_ENABLE_FIX_AND_CONTINUE = YES;
				GCC_ENABLE_OBJC_EXCEPTIONS = NO;
				GCC_MODEL_TUNING = G5;
				GCC_OPTIMIZATION_LEVEL = 3;
				GCC_PREPROCESSOR_DEFINITIONS = (
					NDEBUG,
					"_SECURE_SCL=0",
					"_SECURE_SCL_THROWS=0",
					_SCL_SECURE_NO_WARNINGS,
					_CRT_SECURE_NO_WARNINGS,
					_WINSOCK_DEPRECATED_NO_WARNINGS,
					OS_IPHONE,
				);
				GCC_SYMBOLS_PRIVATE_EXTERN = YES;
				GCC_VERSION = com.apple.compilers.llvm.clang.1_0;
				GCC_WARN_64_TO_32_BIT_CONVERSION = YES;
				GCC_WARN_ABOUT_DEPRECATED_FUNCTIONS = YES;
				GCC_WARN_ABOUT_RETURN_TYPE = YES;
				GCC_WARN_CHECK_SWITCH_STATEMENTS = NO;
				GCC_WARN_UNDECLARED_SELECTOR = YES;
				GCC_WARN_UNINITIALIZED_AUTOS = YES;
				GCC_WARN_UNUSED_FUNCTION = YES;
				GCC_WARN_UNUSED_VARIABLE = NO;
				HEADER_SEARCH_PATHS = "$(COMMON_HEADER_SEARCH_PATHS)";
				INSTALL_PATH = /usr/local/lib;
				IPHONEOS_DEPLOYMENT_TARGET = 6.0;
				OBJROOT = obj/Release;
				ONLY_ACTIVE_ARCH = NO;
				OTHER_CFLAGS = (
					"-std=c++11",
					"-stdlib=libc++",
					"-x",
					"objective-c++",
					"-Wno-error",
				);
				SDKROOT = iphoneos;
				SKIP_INSTALL = YES;
				STANDARD_C_PLUS_PLUS_LIBRARY_TYPE = static;
				SYMROOT = ../../../lib/xcode4/ios;
				TARGETED_DEVICE_FAMILY = "1,2";
				VALID_ARCHS = "$(ARCHS_STANDARD)";
			};
			name = Release;
		};
/* End XCBuildConfiguration section */

/* Begin XCConfigurationList section */
		1DEB928908733DD80010E9CD /* Build configuration list for PBXProject "GenericUtils" */ = {
			isa = XCConfigurationList;
			buildConfigurations = (
				CAFFC5B73C60B4E1582CEBF7 /* Debug */,
				F86B9F7145C5011B857B55B1 /* Release */,
			);
			defaultConfigurationIsVisible = 0;
			defaultConfigurationName = Debug;
		};
		4A31022055581ECA515F9860 /* Build configuration list for PBXNativeTarget "GenericUtils" */ = {
			isa = XCConfigurationList;
			buildConfigurations = (
				886075CCE64B71B6B6FC140C /* Debug */,
				84B2DA46094C78B0C8AF0886 /* Release */,
			);
			defaultConfigurationIsVisible = 0;
			defaultConfigurationName = Debug;
		};
/* End XCConfigurationList section */
	};
	rootObject = 08FB7793FE84155DC02AAC07 /* Project object */;
}
