<?xml version="1.0" encoding="utf-8"?>
<Project ToolsVersion="4.0" xmlns="http://schemas.microsoft.com/developer/msbuild/2003">
  <ItemGroup>
    <Filter Include="source">
      <UniqueIdentifier>{2be5e6ef-7803-47c2-bbb6-927d7d277957}</UniqueIdentifier>
    </Filter>
    <Filter Include="include">
      <UniqueIdentifier>{74194fb5-255c-4116-9a0c-f219ad85b3d8}</UniqueIdentifier>
    </Filter>
    <Filter Include="include\fast-rtti">
      <UniqueIdentifier>{19619a86-62ba-4fed-b264-cf3636ad3178}</UniqueIdentifier>
    </Filter>
    <Filter Include="source\fast-rtti">
      <UniqueIdentifier>{50e778b0-3c33-4442-ac47-499455717bef}</UniqueIdentifier>
    </Filter>
  </ItemGroup>
  <ItemGroup>
    <ClInclude Include="..\..\include\fast-rtti\RTTI.h">
      <Filter>include\fast-rtti</Filter>
    </ClInclude>
    <ClInclude Include="..\..\include\InstanceFactory.h">
      <Filter>include</Filter>
    </ClInclude>
    <ClInclude Include="..\..\include\ManagerBase.hpp">
      <Filter>include</Filter>
    </ClInclude>
    <ClInclude Include="..\..\include\Singleton.hpp">
      <Filter>include</Filter>
    </ClInclude>
    <ClInclude Include="..\..\include\smart_ptr.hpp">
      <Filter>include</Filter>
    </ClInclude>
    <ClInclude Include="..\..\include\Threads.h">
      <Filter>include</Filter>
    </ClInclude>
    <ClInclude Include="..\..\include\Log.h">
      <Filter>include</Filter>
    </ClInclude>
    <ClInclude Include="..\..\include\Utils.h">
      <Filter>include</Filter>
    </ClInclude>
  </ItemGroup>
  <ItemGroup>
    <ClCompile Include="..\..\source\fast-rtti\RTTI.cpp">
      <Filter>source\fast-rtti</Filter>
    </ClCompile>
    <ClCompile Include="..\..\source\InstanceFactory.cpp">
      <Filter>source</Filter>
    </ClCompile>
    <ClCompile Include="..\..\source\Threads.cpp">
      <Filter>source</Filter>
    </ClCompile>
    <ClCompile Include="..\..\source\Log.cpp">
      <Filter>source</Filter>
    </ClCompile>
    <ClCompile Include="..\..\source\Utils.cpp">
      <Filter>source</Filter>
    </ClCompile>
  </ItemGroup>
</Project>